
Microsoft Visual Studio Solution File, Format Version 12.00
# Visual Studio 15
VisualStudioVersion = 15.0.28307.645
MinimumVisualStudioVersion = 10.0.40219.1
Project("{FAE04EC0-301F-11D3-BF4B-00C04F79EFBC}") = "code", "code\code.csproj", "{004A0EB4-EFDA-4DD7-A1A9-A104135788B7}"
EndProject
Global
	GlobalSection(SolutionConfigurationPlatforms) = preSolution
		Debug|Any CPU = Debug|Any CPU
		Release|Any CPU = Release|Any CPU
	EndGlobalSection
	GlobalSection(ProjectConfigurationPlatforms) = postSolution
		{004A0EB4-EFDA-4DD7-A1A9-A104135788B7}.Debug|Any CPU.ActiveCfg = Debug|Any CPU
		{004A0EB4-EFDA-4DD7-A1A9-A104135788B7}.Debug|Any CPU.Build.0 = Debug|Any CPU
		{004A0EB4-EFDA-4DD7-A1A9-A104135788B7}.Release|Any CPU.ActiveCfg = Release|Any CPU
		{004A0EB4-EFDA-4DD7-A1A9-A104135788B7}.Release|Any CPU.Build.0 = Release|Any CPU
	EndGlobalSection
	GlobalSection(SolutionProperties) = preSolution
		HideSolutionNode = FALSE
	EndGlobalSection
	GlobalSection(ExtensibilityGlobals) = postSolution
		SolutionGuid = {662AAEF2-DE5C-46B4-8E17-1C5F8C13EF55}
	EndGlobalSection
EndGlobal
